{
  "name": "googlemeet-connector",
  "version": "1.0.0",
  "lockfileVersion": 3,
  "requires": true,
  "packages": {
    "": {
      "name": "googlemeet-connector",
      "version": "1.0.0",
      "license": "ISC",
      "dependencies": {
        "@wonderful-sdk/contact-center": "^0.5.0"
      }
    },
    "node_modules/@wonderful-sdk/contact-center": {
      "version": "0.5.0",
      "resolved": "https://wonderfulcx.jfrog.io/artifactory/api/npm/npm-local-prod/@wonderful-sdk/contact-center/-/@wonderful-sdk/contact-center-0.5.0.tgz",
      "integrity": "sha512-EmlSI3dgcLwQmiH4HmToyyWhIRJEQP2gQfWmqKP5VCr/V5J8RtFJHLcZ01g/kPs4nzdOJcyNhW++QrkaN0wiBw==",
      "license": "MIT",
      "engines": {
        "node": ">=18.0.0"
      }
    }
  }
}
